
Microsoft Visual Studio Solution File, Format Version 12.00
# Visual Studio 15
Project("{FAE04EC0-301F-11D3-BF4B-00C04F79EFBC}") = "Assembly-CSharp", "Assembly-CSharp.csproj", "{81D75E8E-5A30-752E-1ECE-B269FF0D5CC8}"
EndProject
Project("{FAE04EC0-301F-11D3-BF4B-00C04F79EFBC}") = "Unity.XR.Interaction.Toolkit.Samples.StarterAssets", "Unity.XR.Interaction.Toolkit.Samples.StarterAssets.csproj", "{D4614CDF-FF20-5691-13F3-3DC8B2F1C19C}"
EndProject
Project("{FAE04EC0-301F-11D3-BF4B-00C04F79EFBC}") = "Unity.XR.Interaction.Toolkit.Samples.StarterAssets.Editor", "Unity.XR.Interaction.Toolkit.Samples.StarterAssets.Editor.csproj", "{BB079B52-E6A8-05AC-0090-1498BE984982}"
EndProject
Project("{FAE04EC0-301F-11D3-BF4B-00C04F79EFBC}") = "Unity.XR.Interaction.Toolkit.Samples.Hands", "Unity.XR.Interaction.Toolkit.Samples.Hands.csproj", "{C2D6E233-C3B5-A5EA-C153-C51142BBD854}"
EndProject
Project("{FAE04EC0-301F-11D3-BF4B-00C04F79EFBC}") = "Unity.XR.Hands.Samples.VisualizerSample", "Unity.XR.Hands.Samples.VisualizerSample.csproj", "{A29559ED-042A-DCBA-FDFF-43F2667F0F92}"
EndProject
Project("{FAE04EC0-301F-11D3-BF4B-00C04F79EFBC}") = "Unity.XR.Interaction.Toolkit.Samples.Hands.Editor", "Unity.XR.Interaction.Toolkit.Samples.Hands.Editor.csproj", "{EEE47B26-FC2D-C85A-AE38-410FDD1BA6AE}"
EndProject
Global
	GlobalSection(SolutionConfigurationPlatforms) = preSolution
		Debug|Any CPU = Debug|Any CPU
		Release|Any CPU = Release|Any CPU
	EndGlobalSection
	GlobalSection(ProjectConfigurationPlatforms) = postSolution
		{81D75E8E-5A30-752E-1ECE-B269FF0D5CC8}.Debug|Any CPU.ActiveCfg = Debug|Any CPU
		{81D75E8E-5A30-752E-1ECE-B269FF0D5CC8}.Debug|Any CPU.Build.0 = Debug|Any CPU
		{81D75E8E-5A30-752E-1ECE-B269FF0D5CC8}.Release|Any CPU.ActiveCfg = Release|Any CPU
		{81D75E8E-5A30-752E-1ECE-B269FF0D5CC8}.Release|Any CPU.Build.0 = Release|Any CPU
		{D4614CDF-FF20-5691-13F3-3DC8B2F1C19C}.Debug|Any CPU.ActiveCfg = Debug|Any CPU
		{D4614CDF-FF20-5691-13F3-3DC8B2F1C19C}.Debug|Any CPU.Build.0 = Debug|Any CPU
		{D4614CDF-FF20-5691-13F3-3DC8B2F1C19C}.Release|Any CPU.ActiveCfg = Release|Any CPU
		{D4614CDF-FF20-5691-13F3-3DC8B2F1C19C}.Release|Any CPU.Build.0 = Release|Any CPU
		{BB079B52-E6A8-05AC-0090-1498BE984982}.Debug|Any CPU.ActiveCfg = Debug|Any CPU
		{BB079B52-E6A8-05AC-0090-1498BE984982}.Debug|Any CPU.Build.0 = Debug|Any CPU
		{BB079B52-E6A8-05AC-0090-1498BE984982}.Release|Any CPU.ActiveCfg = Release|Any CPU
		{BB079B52-E6A8-05AC-0090-1498BE984982}.Release|Any CPU.Build.0 = Release|Any CPU
		{C2D6E233-C3B5-A5EA-C153-C51142BBD854}.Debug|Any CPU.ActiveCfg = Debug|Any CPU
		{C2D6E233-C3B5-A5EA-C153-C51142BBD854}.Debug|Any CPU.Build.0 = Debug|Any CPU
		{C2D6E233-C3B5-A5EA-C153-C51142BBD854}.Release|Any CPU.ActiveCfg = Release|Any CPU
		{C2D6E233-C3B5-A5EA-C153-C51142BBD854}.Release|Any CPU.Build.0 = Release|Any CPU
		{A29559ED-042A-DCBA-FDFF-43F2667F0F92}.Debug|Any CPU.ActiveCfg = Debug|Any CPU
		{A29559ED-042A-DCBA-FDFF-43F2667F0F92}.Debug|Any CPU.Build.0 = Debug|Any CPU
		{A29559ED-042A-DCBA-FDFF-43F2667F0F92}.Release|Any CPU.ActiveCfg = Release|Any CPU
		{A29559ED-042A-DCBA-FDFF-43F2667F0F92}.Release|Any CPU.Build.0 = Release|Any CPU
		{EEE47B26-FC2D-C85A-AE38-410FDD1BA6AE}.Debug|Any CPU.ActiveCfg = Debug|Any CPU
		{EEE47B26-FC2D-C85A-AE38-410FDD1BA6AE}.Debug|Any CPU.Build.0 = Debug|Any CPU
		{EEE47B26-FC2D-C85A-AE38-410FDD1BA6AE}.Release|Any CPU.ActiveCfg = Release|Any CPU
		{EEE47B26-FC2D-C85A-AE38-410FDD1BA6AE}.Release|Any CPU.Build.0 = Release|Any CPU
	EndGlobalSection
	GlobalSection(SolutionProperties) = preSolution
		HideSolutionNode = FALSE
	EndGlobalSection
EndGlobal
